
Microsoft Visual Studio Solution File, Format Version 12.00
# Visual Studio Version 16
VisualStudioVersion = 16.0.30413.136
MinimumVisualStudioVersion = 10.0.40219.1
Project("{FAE04EC0-301F-11D3-BF4B-00C04F79EFBC}") = "Calcultor", "Calcultor\Calcultor.csproj", "{CD10AE54-C404-4645-8C6A-3408D8CDC003}"
EndProject
Global
	GlobalSection(SolutionConfigurationPlatforms) = preSolution
		Debug|Any CPU = Debug|Any CPU
		Release|Any CPU = Release|Any CPU
	EndGlobalSection
	GlobalSection(ProjectConfigurationPlatforms) = postSolution
		{CD10AE54-C404-4645-8C6A-3408D8CDC003}.Debug|Any CPU.ActiveCfg = Debug|Any CPU
		{CD10AE54-C404-4645-8C6A-3408D8CDC003}.Debug|Any CPU.Build.0 = Debug|Any CPU
		{CD10AE54-C404-4645-8C6A-3408D8CDC003}.Release|Any CPU.ActiveCfg = Release|Any CPU
		{CD10AE54-C404-4645-8C6A-3408D8CDC003}.Release|Any CPU.Build.0 = Release|Any CPU
	EndGlobalSection
	GlobalSection(SolutionProperties) = preSolution
		HideSolutionNode = FALSE
	EndGlobalSection
	GlobalSection(ExtensibilityGlobals) = postSolution
		SolutionGuid = {98859A0D-595A-48FE-9586-A2701931183C}
	EndGlobalSection
EndGlobal
